
Microsoft Visual Studio Solution File, Format Version 12.00
# Visual Studio Version 17
VisualStudioVersion = 17.6.33815.320
MinimumVisualStudioVersion = 10.0.40219.1
Project("{9A19103F-16F7-4668-BE54-9A1E7A4F7556}") = "PhotoViewer_UserControl", "PhotoViewer_UserControl\PhotoViewer_UserControl.csproj", "{CE1F02C4-99A1-4BBE-8776-F07F58DC76D0}"
EndProject
Project("{FAE04EC0-301F-11D3-BF4B-00C04F79EFBC}") = "WinFormsApp1", "WinFormsApp1\WinFormsApp1.csproj", "{34CBAB72-37F2-4B5E-A49A-0E3720751363}"
EndProject
Global
	GlobalSection(SolutionConfigurationPlatforms) = preSolution
		Debug|Any CPU = Debug|Any CPU
		Release|Any CPU = Release|Any CPU
	EndGlobalSection
	GlobalSection(ProjectConfigurationPlatforms) = postSolution
		{CE1F02C4-99A1-4BBE-8776-F07F58DC76D0}.Debug|Any CPU.ActiveCfg = Debug|Any CPU
		{CE1F02C4-99A1-4BBE-8776-F07F58DC76D0}.Debug|Any CPU.Build.0 = Debug|Any CPU
		{CE1F02C4-99A1-4BBE-8776-F07F58DC76D0}.Release|Any CPU.ActiveCfg = Release|Any CPU
		{CE1F02C4-99A1-4BBE-8776-F07F58DC76D0}.Release|Any CPU.Build.0 = Release|Any CPU
		{34CBAB72-37F2-4B5E-A49A-0E3720751363}.Debug|Any CPU.ActiveCfg = Debug|Any CPU
		{34CBAB72-37F2-4B5E-A49A-0E3720751363}.Debug|Any CPU.Build.0 = Debug|Any CPU
		{34CBAB72-37F2-4B5E-A49A-0E3720751363}.Release|Any CPU.ActiveCfg = Release|Any CPU
		{34CBAB72-37F2-4B5E-A49A-0E3720751363}.Release|Any CPU.Build.0 = Release|Any CPU
	EndGlobalSection
	GlobalSection(SolutionProperties) = preSolution
		HideSolutionNode = FALSE
	EndGlobalSection
	GlobalSection(ExtensibilityGlobals) = postSolution
		SolutionGuid = {435D6934-D15E-4DF0-B54A-7FC6E88AE023}
	EndGlobalSection
EndGlobal
